
Microsoft Visual Studio Solution File, Format Version 10.00
# Visual Studio 2008
Project("{FAE04EC0-301F-11D3-BF4B-00C04F79EFBC}") = "Bham.Ptu", "Bham.Ptu\Bham.Ptu.csproj", "{63DF2075-73D2-448D-AD99-B5F17807F4C6}"
EndProject
Project("{FAE04EC0-301F-11D3-BF4B-00C04F79EFBC}") = "Bham.Ptu.UI", "Bham.Ptu.UI\Bham.Ptu.UI.csproj", "{F26C3879-79C6-4780-831F-09FD4774C4E5}"
EndProject
Project("{FAE04EC0-301F-11D3-BF4B-00C04F79EFBC}") = "Bham.Ptu.Console", "Bham.Ptu.Console\Bham.Ptu.Console.csproj", "{3AD09C3C-02B7-4627-81BF-DEAC04FDBDEA}"
EndProject
Project("{2150E333-8FDC-42A3-9474-1A3956D46DE8}") = "Solution Items", "Solution Items", "{785E4A17-5DA2-4FD1-BF44-8CCEEC2B41E0}"
	ProjectSection(SolutionItems) = preProject
		Bham.Ptu Library Usage.htm = Bham.Ptu Library Usage.htm
	EndProjectSection
EndProject
Global
	GlobalSection(TeamFoundationVersionControl) = preSolution
		SccNumberOfProjects = 4
		SccEnterpriseProvider = {4CA58AB2-18FA-4F8D-95D4-32DDF27D184C}
		SccTeamFoundationServer = https://tfs.codeplex.com/tfs/TFS03
		SccLocalPath0 = .
		SccProjectUniqueName1 = Bham.Ptu.Console\\Bham.Ptu.Console.csproj
		SccProjectName1 = Bham.Ptu.Console
		SccLocalPath1 = Bham.Ptu.Console
		SccProjectUniqueName2 = Bham.Ptu.UI\\Bham.Ptu.UI.csproj
		SccProjectName2 = Bham.Ptu.UI
		SccLocalPath2 = Bham.Ptu.UI
		SccProjectUniqueName3 = Bham.Ptu\\Bham.Ptu.csproj
		SccProjectName3 = Bham.Ptu
		SccLocalPath3 = Bham.Ptu
	EndGlobalSection
	GlobalSection(SolutionConfigurationPlatforms) = preSolution
		Debug|Any CPU = Debug|Any CPU
		Release|Any CPU = Release|Any CPU
	EndGlobalSection
	GlobalSection(ProjectConfigurationPlatforms) = postSolution
		{63DF2075-73D2-448D-AD99-B5F17807F4C6}.Debug|Any CPU.ActiveCfg = Debug|Any CPU
		{63DF2075-73D2-448D-AD99-B5F17807F4C6}.Debug|Any CPU.Build.0 = Debug|Any CPU
		{63DF2075-73D2-448D-AD99-B5F17807F4C6}.Release|Any CPU.ActiveCfg = Release|Any CPU
		{63DF2075-73D2-448D-AD99-B5F17807F4C6}.Release|Any CPU.Build.0 = Release|Any CPU
		{F26C3879-79C6-4780-831F-09FD4774C4E5}.Debug|Any CPU.ActiveCfg = Debug|Any CPU
		{F26C3879-79C6-4780-831F-09FD4774C4E5}.Debug|Any CPU.Build.0 = Debug|Any CPU
		{F26C3879-79C6-4780-831F-09FD4774C4E5}.Release|Any CPU.ActiveCfg = Release|Any CPU
		{F26C3879-79C6-4780-831F-09FD4774C4E5}.Release|Any CPU.Build.0 = Release|Any CPU
		{3AD09C3C-02B7-4627-81BF-DEAC04FDBDEA}.Debug|Any CPU.ActiveCfg = Debug|Any CPU
		{3AD09C3C-02B7-4627-81BF-DEAC04FDBDEA}.Debug|Any CPU.Build.0 = Debug|Any CPU
		{3AD09C3C-02B7-4627-81BF-DEAC04FDBDEA}.Release|Any CPU.ActiveCfg = Release|Any CPU
		{3AD09C3C-02B7-4627-81BF-DEAC04FDBDEA}.Release|Any CPU.Build.0 = Release|Any CPU
	EndGlobalSection
	GlobalSection(SolutionProperties) = preSolution
		HideSolutionNode = FALSE
	EndGlobalSection
EndGlobal
